{
  "name": "if-html",
  "version": "1.0.0",
  "lockfileVersion": 1,
  "requires": true,
  "dependencies": {
    "flag-icons": {
      "version": "6.6.6",
      "resolved": "https://registry.npmjs.org/flag-icons/-/flag-icons-6.6.6.tgz",
      "integrity": "sha512-4lHDKxldnQ7q617pf9Dx9nAetT+9zcMpUexbRrc9kjLw9KJgZ83zA5Dky3Vv7ZDzUjAiZ46x/cy5P0HnEnqA2A=="
    },
    "prettier": {
      "version": "2.7.1",
      "resolved": "https://registry.npmjs.org/prettier/-/prettier-2.7.1.tgz",
      "integrity": "sha512-ujppO+MkdPqoVINuDFDRLClm7D78qbDt0/NR+wp5FqEZOoTNAjPHWj17QRhu7geIHJfcNhRk1XVQmF8Bp3ye+g==",
      "dev": true
    }
  }
}
